{
  "version": "5",
  "specifiers": {
    "jsr:@std/assert@^1.0.13": "1.0.19",
    "jsr:@std/assert@^1.0.17": "1.0.19",
    "jsr:@std/async@^1.1.0": "1.1.1",
    "jsr:@std/data-structures@^1.0.10": "1.0.10",
    "jsr:@std/fs@^1.0.22": "1.0.22",
    "jsr:@std/internal@^1.0.12": "1.0.12",
    "jsr:@std/path@^1.1.4": "1.1.4",
    "jsr:@std/testing@^1.0.15": "1.0.17",
    "npm:@opencode-ai/plugin@1.1.12": "1.1.12",
    "npm:dprint@*": "0.51.1",
    "npm:zod@4.1.8": "4.1.8"
  },
  "jsr": {
    "@std/assert@1.0.19": {
      "integrity": "eaada96ee120cb980bc47e040f82814d786fe8162ecc53c91d8df60b8755991e",
      "dependencies": [
        "jsr:@std/internal"
      ]
    },
    "@std/async@1.1.1": {
      "integrity": "8a79beb3378cc229ce65ba2c746cfd03e4855ddd891d1eb6b9e32128e0d5339c"
    },
    "@std/data-structures@1.0.10": {
      "integrity": "f574f86b0e07c69b9edc555fcc814b57d29258bad39fd5a34ba8a80ecf033cfe"
    },
    "@std/fs@1.0.22": {
      "integrity": "de0f277a58a867147a8a01bc1b181d0dfa80bfddba8c9cf2bacd6747bcec9308",
      "dependencies": [
        "jsr:@std/path"
      ]
    },
    "@std/internal@1.0.12": {
      "integrity": "972a634fd5bc34b242024402972cd5143eac68d8dffaca5eaa4dba30ce17b027"
    },
    "@std/path@1.1.4": {
      "integrity": "1d2d43f39efb1b42f0b1882a25486647cb851481862dc7313390b2bb044314b5",
      "dependencies": [
        "jsr:@std/internal"
      ]
    },
    "@std/testing@1.0.17": {
      "integrity": "87bdc2700fa98249d48a17cd72413352d3d3680dcfbdb64947fd0982d6bbf681",
      "dependencies": [
        "jsr:@std/assert@^1.0.17",
        "jsr:@std/async",
        "jsr:@std/data-structures",
        "jsr:@std/fs",
        "jsr:@std/internal",
        "jsr:@std/path"
      ]
    }
  },
  "npm": {
    "@dprint/darwin-arm64@0.51.1": {
      "integrity": "sha512-C7fkaz0/NGf/X4G9Cq65izdJgerND5jWShOaPiOgGs4A0CyCMKMLRd45m3xKIttuO8x0IQiZVixD22qmVglXmQ==",
      "os": ["darwin"],
      "cpu": ["arm64"]
    },
    "@dprint/darwin-x64@0.51.1": {
      "integrity": "sha512-/CESb4SJejshTWb/nO2gucrioKdLD/fK2gKB5Immi4XecAjhkV1HZpUMRLsIeVDQ6ha7xktKbnnvudJRI0maSg==",
      "os": ["darwin"],
      "cpu": ["x64"]
    },
    "@dprint/linux-arm64-glibc@0.51.1": {
      "integrity": "sha512-W+QD/4TkQKMPq02uz+ZIz/EI91YEtS2zHBu/Jihx2lfNh3HjUKgyY1KfqCTg2WGJVDkJtPc5KDw+M8yd4rI+Rg==",
      "os": ["linux"],
      "cpu": ["arm64"]
    },
    "@dprint/linux-arm64-musl@0.51.1": {
      "integrity": "sha512-P4Cfn8wrdSvdoMoz0HtsC5zZpbh8Kk3OjRzgG4qs/gub5Ba3CCLcVaQvQmIOCvgPzdhPB41eSn5qAK87mh7vCQ==",
      "os": ["linux"],
      "cpu": ["arm64"]
    },
    "@dprint/linux-loong64-glibc@0.51.1": {
      "integrity": "sha512-dxDShELBrSGB9PktRqhYrm1UWCL+7N430rGuDTFg+i4d1wL4JD7EI5NDS/5IVbg3lrKJUu6gAJoY9NWF4sZ0mQ==",
      "os": ["linux"],
      "cpu": ["loong64"]
    },
    "@dprint/linux-loong64-musl@0.51.1": {
      "integrity": "sha512-l+uNPzUBNxkywGN1HgvTV0CzUDpzXC+s6VEvjYRdVAEKl9TAsIfLMfZifS8rnlOi9hz/0sckmpny+wL40G6dhQ==",
      "os": ["linux"],
      "cpu": ["loong64"]
    },
    "@dprint/linux-riscv64-glibc@0.51.1": {
      "integrity": "sha512-YI6SemJRMsLUrtognhkAYOJ67j/AkiufHfx6+cPv/7qO6zBoBL6otR1e5yFYvAgEJOzRZD5g51EdqCcuK19B+g==",
      "os": ["linux"],
      "cpu": ["riscv64"]
    },
    "@dprint/linux-x64-glibc@0.51.1": {
      "integrity": "sha512-Hm9ntOWeclXU6/rZGYIN2XjuAhsRUZ77lRJC5EiM1rP6Ayh0J/YMsDdqlPAs+xZGdFFzt8ZeUpqJJJsbc54ZjQ==",
      "os": ["linux"],
      "cpu": ["x64"]
    },
    "@dprint/linux-x64-musl@0.51.1": {
      "integrity": "sha512-iUs/9Z4Ky6+2GAK+i1jF1ZwM27CSIGaqw3LxTXtmE8eBCRwyCW+opzn9bzaFtlT9REUAGMC5PXihAPmzP3ttWg==",
      "os": ["linux"],
      "cpu": ["x64"]
    },
    "@dprint/win32-arm64@0.51.1": {
      "integrity": "sha512-oXjEL7Blf/160/j7U8MapRzSOVQvLIdAKEZbslIHA4Fwj10fvoDizqpfVU/aVj/BVrlIcZ/+AH8kfSC9XAyjLw==",
      "os": ["win32"],
      "cpu": ["arm64"]
    },
    "@dprint/win32-x64@0.51.1": {
      "integrity": "sha512-RM9thb/+Jm6GkXJS+eW+0Pzmz2PNeDk8ZOWcjunE1jv2RabHgm+GbeGpS+WZPOM9W3LSntswv6f4wjzfUkWD0g==",
      "os": ["win32"],
      "cpu": ["x64"]
    },
    "@opencode-ai/plugin@1.1.12": {
      "integrity": "sha512-L+sh6mDU1teVgjRbpNnJdQIv3EYx9v8X2ZgjCAtC/eyjERR5s1smvBmvvBCpJ+p5APWKD4nuDS0xtiJiUBFZKQ==",
      "dependencies": [
        "@opencode-ai/sdk",
        "zod"
      ]
    },
    "@opencode-ai/sdk@1.1.12": {
      "integrity": "sha512-M1c+525865g2C03iKaMdx3aUVC7oZSNbBGaTDjUN2UTIakdxqKHog0Hd8IA9WL8M0aU1QJ8+CnpvRT2Jt9kRNw=="
    },
    "dprint@0.51.1": {
      "integrity": "sha512-CEx+wYARxLAe9o7RCZ77GKae6DF7qjn5Rd98xbWdA3hB4PFBr+kHwLANmNHscNumBAIrCg5ZJj/Kz+OYbJ+GBA==",
      "optionalDependencies": [
        "@dprint/darwin-arm64",
        "@dprint/darwin-x64",
        "@dprint/linux-arm64-glibc",
        "@dprint/linux-arm64-musl",
        "@dprint/linux-loong64-glibc",
        "@dprint/linux-loong64-musl",
        "@dprint/linux-riscv64-glibc",
        "@dprint/linux-x64-glibc",
        "@dprint/linux-x64-musl",
        "@dprint/win32-arm64",
        "@dprint/win32-x64"
      ],
      "scripts": true,
      "bin": true
    },
    "zod@4.1.8": {
      "integrity": "sha512-5R1P+WwQqmmMIEACyzSvo4JXHY5WiAFHRMg+zBZKgKS+Q1viRa0C1hmUKtHltoIFKtIdki3pRxkmpP74jnNYHQ=="
    }
  },
  "workspace": {
    "dependencies": [
      "jsr:@std/assert@^1.0.13",
      "jsr:@std/testing@^1.0.15",
      "npm:@opencode-ai/plugin@1.1.12",
      "npm:zod@4.1.8"
    ]
  }
}
